
Microsoft Visual Studio Solution File, Format Version 12.00
# Visual Studio 14
VisualStudioVersion = 14.0.25420.1
MinimumVisualStudioVersion = 10.0.40219.1
Project("{FAE04EC0-301F-11D3-BF4B-00C04F79EFBC}") = "Wrapper", "Wrapper\Wrapper.csproj", "{96748966-BE90-425F-A8C8-E8708E45B77E}"
EndProject
Project("{FAE04EC0-301F-11D3-BF4B-00C04F79EFBC}") = "CardCrawlerMd", "CardCrawlerMd\CardCrawlerMd.csproj", "{BF4937A0-CB32-483D-9FBD-2A9CEA496945}"
EndProject
Project("{FAE04EC0-301F-11D3-BF4B-00C04F79EFBC}") = "CardEditorMd", "CardEditorMd\CardEditorMd.csproj", "{C9445833-2411-4F1B-A611-2B4EE2005E56}"
EndProject
Project("{FAE04EC0-301F-11D3-BF4B-00C04F79EFBC}") = "DeckEditorMd", "DeckEditorMd\DeckEditorMd.csproj", "{8DA6BBAC-0AED-488E-87C6-371AA4EF7309}"
EndProject
Project("{FAE04EC0-301F-11D3-BF4B-00C04F79EFBC}") = "DialogMd", "DialogMd\DialogMd.csproj", "{B2929F30-F6F6-4B68-A8F2-718A742690BC}"
EndProject
Project("{FAE04EC0-301F-11D3-BF4B-00C04F79EFBC}") = "Common", "Common\Common.csproj", "{19F76F0E-577E-417A-A2F2-F27CA4728068}"
EndProject
Global
	GlobalSection(SolutionConfigurationPlatforms) = preSolution
		Debug|Any CPU = Debug|Any CPU
		Debug|ARM = Debug|ARM
		Debug|x64 = Debug|x64
		Debug|x86 = Debug|x86
		Release|Any CPU = Release|Any CPU
		Release|ARM = Release|ARM
		Release|x64 = Release|x64
		Release|x86 = Release|x86
	EndGlobalSection
	GlobalSection(ProjectConfigurationPlatforms) = postSolution
		{96748966-BE90-425F-A8C8-E8708E45B77E}.Debug|Any CPU.ActiveCfg = Debug|Any CPU
		{96748966-BE90-425F-A8C8-E8708E45B77E}.Debug|Any CPU.Build.0 = Debug|Any CPU
		{96748966-BE90-425F-A8C8-E8708E45B77E}.Debug|ARM.ActiveCfg = Debug|Any CPU
		{96748966-BE90-425F-A8C8-E8708E45B77E}.Debug|ARM.Build.0 = Debug|Any CPU
		{96748966-BE90-425F-A8C8-E8708E45B77E}.Debug|x64.ActiveCfg = Debug|Any CPU
		{96748966-BE90-425F-A8C8-E8708E45B77E}.Debug|x64.Build.0 = Debug|Any CPU
		{96748966-BE90-425F-A8C8-E8708E45B77E}.Debug|x86.ActiveCfg = Debug|Any CPU
		{96748966-BE90-425F-A8C8-E8708E45B77E}.Debug|x86.Build.0 = Debug|Any CPU
		{96748966-BE90-425F-A8C8-E8708E45B77E}.Release|Any CPU.ActiveCfg = Release|Any CPU
		{96748966-BE90-425F-A8C8-E8708E45B77E}.Release|Any CPU.Build.0 = Release|Any CPU
		{96748966-BE90-425F-A8C8-E8708E45B77E}.Release|ARM.ActiveCfg = Release|Any CPU
		{96748966-BE90-425F-A8C8-E8708E45B77E}.Release|ARM.Build.0 = Release|Any CPU
		{96748966-BE90-425F-A8C8-E8708E45B77E}.Release|x64.ActiveCfg = Release|Any CPU
		{96748966-BE90-425F-A8C8-E8708E45B77E}.Release|x64.Build.0 = Release|Any CPU
		{96748966-BE90-425F-A8C8-E8708E45B77E}.Release|x86.ActiveCfg = Release|Any CPU
		{96748966-BE90-425F-A8C8-E8708E45B77E}.Release|x86.Build.0 = Release|Any CPU
		{BF4937A0-CB32-483D-9FBD-2A9CEA496945}.Debug|Any CPU.ActiveCfg = Debug|Any CPU
		{BF4937A0-CB32-483D-9FBD-2A9CEA496945}.Debug|Any CPU.Build.0 = Debug|Any CPU
		{BF4937A0-CB32-483D-9FBD-2A9CEA496945}.Debug|ARM.ActiveCfg = Debug|Any CPU
		{BF4937A0-CB32-483D-9FBD-2A9CEA496945}.Debug|ARM.Build.0 = Debug|Any CPU
		{BF4937A0-CB32-483D-9FBD-2A9CEA496945}.Debug|x64.ActiveCfg = Debug|Any CPU
		{BF4937A0-CB32-483D-9FBD-2A9CEA496945}.Debug|x64.Build.0 = Debug|Any CPU
		{BF4937A0-CB32-483D-9FBD-2A9CEA496945}.Debug|x86.ActiveCfg = Debug|Any CPU
		{BF4937A0-CB32-483D-9FBD-2A9CEA496945}.Debug|x86.Build.0 = Debug|Any CPU
		{BF4937A0-CB32-483D-9FBD-2A9CEA496945}.Release|Any CPU.ActiveCfg = Release|Any CPU
		{BF4937A0-CB32-483D-9FBD-2A9CEA496945}.Release|Any CPU.Build.0 = Release|Any CPU
		{BF4937A0-CB32-483D-9FBD-2A9CEA496945}.Release|ARM.ActiveCfg = Release|Any CPU
		{BF4937A0-CB32-483D-9FBD-2A9CEA496945}.Release|ARM.Build.0 = Release|Any CPU
		{BF4937A0-CB32-483D-9FBD-2A9CEA496945}.Release|x64.ActiveCfg = Release|Any CPU
		{BF4937A0-CB32-483D-9FBD-2A9CEA496945}.Release|x64.Build.0 = Release|Any CPU
		{BF4937A0-CB32-483D-9FBD-2A9CEA496945}.Release|x86.ActiveCfg = Release|Any CPU
		{BF4937A0-CB32-483D-9FBD-2A9CEA496945}.Release|x86.Build.0 = Release|Any CPU
		{C9445833-2411-4F1B-A611-2B4EE2005E56}.Debug|Any CPU.ActiveCfg = Debug|Any CPU
		{C9445833-2411-4F1B-A611-2B4EE2005E56}.Debug|Any CPU.Build.0 = Debug|Any CPU
		{C9445833-2411-4F1B-A611-2B4EE2005E56}.Debug|ARM.ActiveCfg = Debug|Any CPU
		{C9445833-2411-4F1B-A611-2B4EE2005E56}.Debug|ARM.Build.0 = Debug|Any CPU
		{C9445833-2411-4F1B-A611-2B4EE2005E56}.Debug|x64.ActiveCfg = Debug|Any CPU
		{C9445833-2411-4F1B-A611-2B4EE2005E56}.Debug|x64.Build.0 = Debug|Any CPU
		{C9445833-2411-4F1B-A611-2B4EE2005E56}.Debug|x86.ActiveCfg = Debug|Any CPU
		{C9445833-2411-4F1B-A611-2B4EE2005E56}.Debug|x86.Build.0 = Debug|Any CPU
		{C9445833-2411-4F1B-A611-2B4EE2005E56}.Release|Any CPU.ActiveCfg = Release|Any CPU
		{C9445833-2411-4F1B-A611-2B4EE2005E56}.Release|Any CPU.Build.0 = Release|Any CPU
		{C9445833-2411-4F1B-A611-2B4EE2005E56}.Release|ARM.ActiveCfg = Release|Any CPU
		{C9445833-2411-4F1B-A611-2B4EE2005E56}.Release|ARM.Build.0 = Release|Any CPU
		{C9445833-2411-4F1B-A611-2B4EE2005E56}.Release|x64.ActiveCfg = Release|Any CPU
		{C9445833-2411-4F1B-A611-2B4EE2005E56}.Release|x64.Build.0 = Release|Any CPU
		{C9445833-2411-4F1B-A611-2B4EE2005E56}.Release|x86.ActiveCfg = Release|Any CPU
		{C9445833-2411-4F1B-A611-2B4EE2005E56}.Release|x86.Build.0 = Release|Any CPU
		{8DA6BBAC-0AED-488E-87C6-371AA4EF7309}.Debug|Any CPU.ActiveCfg = Debug|Any CPU
		{8DA6BBAC-0AED-488E-87C6-371AA4EF7309}.Debug|Any CPU.Build.0 = Debug|Any CPU
		{8DA6BBAC-0AED-488E-87C6-371AA4EF7309}.Debug|ARM.ActiveCfg = Debug|Any CPU
		{8DA6BBAC-0AED-488E-87C6-371AA4EF7309}.Debug|ARM.Build.0 = Debug|Any CPU
		{8DA6BBAC-0AED-488E-87C6-371AA4EF7309}.Debug|x64.ActiveCfg = Debug|Any CPU
		{8DA6BBAC-0AED-488E-87C6-371AA4EF7309}.Debug|x64.Build.0 = Debug|Any CPU
		{8DA6BBAC-0AED-488E-87C6-371AA4EF7309}.Debug|x86.ActiveCfg = Debug|Any CPU
		{8DA6BBAC-0AED-488E-87C6-371AA4EF7309}.Debug|x86.Build.0 = Debug|Any CPU
		{8DA6BBAC-0AED-488E-87C6-371AA4EF7309}.Release|Any CPU.ActiveCfg = Release|Any CPU
		{8DA6BBAC-0AED-488E-87C6-371AA4EF7309}.Release|Any CPU.Build.0 = Release|Any CPU
		{8DA6BBAC-0AED-488E-87C6-371AA4EF7309}.Release|ARM.ActiveCfg = Release|Any CPU
		{8DA6BBAC-0AED-488E-87C6-371AA4EF7309}.Release|ARM.Build.0 = Release|Any CPU
		{8DA6BBAC-0AED-488E-87C6-371AA4EF7309}.Release|x64.ActiveCfg = Release|Any CPU
		{8DA6BBAC-0AED-488E-87C6-371AA4EF7309}.Release|x64.Build.0 = Release|Any CPU
		{8DA6BBAC-0AED-488E-87C6-371AA4EF7309}.Release|x86.ActiveCfg = Release|Any CPU
		{8DA6BBAC-0AED-488E-87C6-371AA4EF7309}.Release|x86.Build.0 = Release|Any CPU
		{B2929F30-F6F6-4B68-A8F2-718A742690BC}.Debug|Any CPU.ActiveCfg = Debug|Any CPU
		{B2929F30-F6F6-4B68-A8F2-718A742690BC}.Debug|Any CPU.Build.0 = Debug|Any CPU
		{B2929F30-F6F6-4B68-A8F2-718A742690BC}.Debug|ARM.ActiveCfg = Debug|Any CPU
		{B2929F30-F6F6-4B68-A8F2-718A742690BC}.Debug|ARM.Build.0 = Debug|Any CPU
		{B2929F30-F6F6-4B68-A8F2-718A742690BC}.Debug|x64.ActiveCfg = Debug|Any CPU
		{B2929F30-F6F6-4B68-A8F2-718A742690BC}.Debug|x64.Build.0 = Debug|Any CPU
		{B2929F30-F6F6-4B68-A8F2-718A742690BC}.Debug|x86.ActiveCfg = Debug|Any CPU
		{B2929F30-F6F6-4B68-A8F2-718A742690BC}.Debug|x86.Build.0 = Debug|Any CPU
		{B2929F30-F6F6-4B68-A8F2-718A742690BC}.Release|Any CPU.ActiveCfg = Release|Any CPU
		{B2929F30-F6F6-4B68-A8F2-718A742690BC}.Release|Any CPU.Build.0 = Release|Any CPU
		{B2929F30-F6F6-4B68-A8F2-718A742690BC}.Release|ARM.ActiveCfg = Release|Any CPU
		{B2929F30-F6F6-4B68-A8F2-718A742690BC}.Release|ARM.Build.0 = Release|Any CPU
		{B2929F30-F6F6-4B68-A8F2-718A742690BC}.Release|x64.ActiveCfg = Release|Any CPU
		{B2929F30-F6F6-4B68-A8F2-718A742690BC}.Release|x64.Build.0 = Release|Any CPU
		{B2929F30-F6F6-4B68-A8F2-718A742690BC}.Release|x86.ActiveCfg = Release|Any CPU
		{B2929F30-F6F6-4B68-A8F2-718A742690BC}.Release|x86.Build.0 = Release|Any CPU
		{19F76F0E-577E-417A-A2F2-F27CA4728068}.Debug|Any CPU.ActiveCfg = Debug|Any CPU
		{19F76F0E-577E-417A-A2F2-F27CA4728068}.Debug|Any CPU.Build.0 = Debug|Any CPU
		{19F76F0E-577E-417A-A2F2-F27CA4728068}.Debug|ARM.ActiveCfg = Debug|Any CPU
		{19F76F0E-577E-417A-A2F2-F27CA4728068}.Debug|ARM.Build.0 = Debug|Any CPU
		{19F76F0E-577E-417A-A2F2-F27CA4728068}.Debug|x64.ActiveCfg = Debug|Any CPU
		{19F76F0E-577E-417A-A2F2-F27CA4728068}.Debug|x64.Build.0 = Debug|Any CPU
		{19F76F0E-577E-417A-A2F2-F27CA4728068}.Debug|x86.ActiveCfg = Debug|Any CPU
		{19F76F0E-577E-417A-A2F2-F27CA4728068}.Debug|x86.Build.0 = Debug|Any CPU
		{19F76F0E-577E-417A-A2F2-F27CA4728068}.Release|Any CPU.ActiveCfg = Release|Any CPU
		{19F76F0E-577E-417A-A2F2-F27CA4728068}.Release|Any CPU.Build.0 = Release|Any CPU
		{19F76F0E-577E-417A-A2F2-F27CA4728068}.Release|ARM.ActiveCfg = Release|Any CPU
		{19F76F0E-577E-417A-A2F2-F27CA4728068}.Release|ARM.Build.0 = Release|Any CPU
		{19F76F0E-577E-417A-A2F2-F27CA4728068}.Release|x64.ActiveCfg = Release|Any CPU
		{19F76F0E-577E-417A-A2F2-F27CA4728068}.Release|x64.Build.0 = Release|Any CPU
		{19F76F0E-577E-417A-A2F2-F27CA4728068}.Release|x86.ActiveCfg = Release|Any CPU
		{19F76F0E-577E-417A-A2F2-F27CA4728068}.Release|x86.Build.0 = Release|Any CPU
	EndGlobalSection
	GlobalSection(SolutionProperties) = preSolution
		HideSolutionNode = FALSE
	EndGlobalSection
EndGlobal
